
Microsoft Visual Studio Solution File, Format Version 12.00
# Visual Studio Version 16
VisualStudioVersion = 16.0.32106.194
MinimumVisualStudioVersion = 10.0.40219.1
Project("{FAE04EC0-301F-11D3-BF4B-00C04F79EFBC}") = "Ryanair", "Ryanair.csproj", "{416AEE1B-D622-4158-BC59-75AB7BC1ED13}"
EndProject
Global
	GlobalSection(SolutionConfigurationPlatforms) = preSolution
		Debug|Any CPU = Debug|Any CPU
		Release|Any CPU = Release|Any CPU
	EndGlobalSection
	GlobalSection(ProjectConfigurationPlatforms) = postSolution
		{416AEE1B-D622-4158-BC59-75AB7BC1ED13}.Debug|Any CPU.ActiveCfg = Debug|Any CPU
		{416AEE1B-D622-4158-BC59-75AB7BC1ED13}.Debug|Any CPU.Build.0 = Debug|Any CPU
		{416AEE1B-D622-4158-BC59-75AB7BC1ED13}.Release|Any CPU.ActiveCfg = Release|Any CPU
		{416AEE1B-D622-4158-BC59-75AB7BC1ED13}.Release|Any CPU.Build.0 = Release|Any CPU
	EndGlobalSection
	GlobalSection(SolutionProperties) = preSolution
		HideSolutionNode = FALSE
	EndGlobalSection
	GlobalSection(ExtensibilityGlobals) = postSolution
		SolutionGuid = {4C245970-832A-4B39-AD31-CE65EBE62DDC}
	EndGlobalSection
EndGlobal
