
Microsoft Visual Studio Solution File, Format Version 12.00
# Visual Studio Version 16
VisualStudioVersion = 16.0.32106.194
MinimumVisualStudioVersion = 10.0.40219.1
Project("{FAE04EC0-301F-11D3-BF4B-00C04F79EFBC}") = "TravelAgent", "TravelAgent.csproj", "{127993CD-7E98-4FA7-B13D-EE611E096622}"
EndProject
Global
	GlobalSection(SolutionConfigurationPlatforms) = preSolution
		Debug|Any CPU = Debug|Any CPU
		Release|Any CPU = Release|Any CPU
	EndGlobalSection
	GlobalSection(ProjectConfigurationPlatforms) = postSolution
		{127993CD-7E98-4FA7-B13D-EE611E096622}.Debug|Any CPU.ActiveCfg = Debug|Any CPU
		{127993CD-7E98-4FA7-B13D-EE611E096622}.Debug|Any CPU.Build.0 = Debug|Any CPU
		{127993CD-7E98-4FA7-B13D-EE611E096622}.Release|Any CPU.ActiveCfg = Release|Any CPU
		{127993CD-7E98-4FA7-B13D-EE611E096622}.Release|Any CPU.Build.0 = Release|Any CPU
	EndGlobalSection
	GlobalSection(SolutionProperties) = preSolution
		HideSolutionNode = FALSE
	EndGlobalSection
	GlobalSection(ExtensibilityGlobals) = postSolution
		SolutionGuid = {4A0F8B9A-A3E1-479F-A0CD-D008AE6F78BF}
	EndGlobalSection
EndGlobal
