
Microsoft Visual Studio Solution File, Format Version 12.00
# Visual Studio Version 16
VisualStudioVersion = 16.0.32106.194
MinimumVisualStudioVersion = 10.0.40219.1
Project("{FAE04EC0-301F-11D3-BF4B-00C04F79EFBC}") = "VISA", "VISA.csproj", "{4524E2D9-79C9-4A96-879A-CDE34FB966BE}"
EndProject
Global
	GlobalSection(SolutionConfigurationPlatforms) = preSolution
		Debug|Any CPU = Debug|Any CPU
		Release|Any CPU = Release|Any CPU
	EndGlobalSection
	GlobalSection(ProjectConfigurationPlatforms) = postSolution
		{4524E2D9-79C9-4A96-879A-CDE34FB966BE}.Debug|Any CPU.ActiveCfg = Debug|Any CPU
		{4524E2D9-79C9-4A96-879A-CDE34FB966BE}.Debug|Any CPU.Build.0 = Debug|Any CPU
		{4524E2D9-79C9-4A96-879A-CDE34FB966BE}.Release|Any CPU.ActiveCfg = Release|Any CPU
		{4524E2D9-79C9-4A96-879A-CDE34FB966BE}.Release|Any CPU.Build.0 = Release|Any CPU
	EndGlobalSection
	GlobalSection(SolutionProperties) = preSolution
		HideSolutionNode = FALSE
	EndGlobalSection
	GlobalSection(ExtensibilityGlobals) = postSolution
		SolutionGuid = {66B996B0-9F17-46F6-B52D-5EE94A0BBA67}
	EndGlobalSection
EndGlobal
